// !$*UTF8*$!
{
	archiveVersion = 1;
	classes = {
	};
	objectVersion = 56;
	objects = {

/* Begin PBXBuildFile section */
		F560E7232BF7AD8A00EE1810 /* AppDelegate.swift in Sources */ = {isa = PBXBuildFile; fileRef = F560E7222BF7AD8A00EE1810 /* AppDelegate.swift */; };
		F560E7252BF7AD8A00EE1810 /* SceneDelegate.swift in Sources */ = {isa = PBXBuildFile; fileRef = F560E7242BF7AD8A00EE1810 /* SceneDelegate.swift */; };
		F560E7272BF7AD8A00EE1810 /* ViewController.swift in Sources */ = {isa = PBXBuildFile; fileRef = F560E7262BF7AD8A00EE1810 /* ViewController.swift */; };
		F560E72A2BF7AD8A00EE1810 /* Base in Resources */ = {isa = PBXBuildFile; fileRef = F560E7292BF7AD8A00EE1810 /* Base */; };
		F560E72C2BF7AD8B00EE1810 /* Assets.xcassets in Resources */ = {isa = PBXBuildFile; fileRef = F560E72B2BF7AD8B00EE1810 /* Assets.xcassets */; };
		F560E72F2BF7AD8B00EE1810 /* Base in Resources */ = {isa = PBXBuildFile; fileRef = F560E72E2BF7AD8B00EE1810 /* Base */; };
		F560E73A2BF7AD8C00EE1810 /* OzinsheDemoTests.swift in Sources */ = {isa = PBXBuildFile; fileRef = F560E7392BF7AD8C00EE1810 /* OzinsheDemoTests.swift */; };
		F560E7442BF7AD8C00EE1810 /* OzinsheDemoUITests.swift in Sources */ = {isa = PBXBuildFile; fileRef = F560E7432BF7AD8C00EE1810 /* OzinsheDemoUITests.swift */; };
		F560E7462BF7AD8C00EE1810 /* OzinsheDemoUITestsLaunchTests.swift in Sources */ = {isa = PBXBuildFile; fileRef = F560E7452BF7AD8C00EE1810 /* OzinsheDemoUITestsLaunchTests.swift */; };
/* End PBXBuildFile section */

/* Begin PBXContainerItemProxy section */
		F560E7362BF7AD8C00EE1810 /* PBXContainerItemProxy */ = {
			isa = PBXContainerItemProxy;
			containerPortal = F560E7172BF7AD8A00EE1810 /* Project object */;
			proxyType = 1;
			remoteGlobalIDString = F560E71E2BF7AD8A00EE1810;
			remoteInfo = OzinsheDemo;
		};
		F560E7402BF7AD8C00EE1810 /* PBXContainerItemProxy */ = {
			isa = PBXContainerItemProxy;
			containerPortal = F560E7172BF7AD8A00EE1810 /* Project object */;
			proxyType = 1;
			remoteGlobalIDString = F560E71E2BF7AD8A00EE1810;
			remoteInfo = OzinsheDemo;
		};
/* End PBXContainerItemProxy section */

/* Begin PBXFileReference section */
		F560E71F2BF7AD8A00EE1810 /* OzinsheDemo.app */ = {isa = PBXFileReference; explicitFileType = wrapper.application; includeInIndex = 0; path = OzinsheDemo.app; sourceTree = BUILT_PRODUCTS_DIR; };
		F560E7222BF7AD8A00EE1810 /* AppDelegate.swift */ = {isa = PBXFileReference; lastKnownFileType = sourcecode.swift; path = AppDelegate.swift; sourceTree = "<group>"; };
		F560E7242BF7AD8A00EE1810 /* SceneDelegate.swift */ = {isa = PBXFileReference; lastKnownFileType = sourcecode.swift; path = SceneDelegate.swift; sourceTree = "<group>"; };
		F560E7262BF7AD8A00EE1810 /* ViewController.swift */ = {isa = PBXFileReference; lastKnownFileType = sourcecode.swift; path = ViewController.swift; sourceTree = "<group>"; };
		F560E7292BF7AD8A00EE1810 /* Base */ = {isa = PBXFileReference; lastKnownFileType = file.storyboard; name = Base; path = Base.lproj/Main.storyboard; sourceTree = "<group>"; };
		F560E72B2BF7AD8B00EE1810 /* Assets.xcassets */ = {isa = PBXFileReference; lastKnownFileType = folder.assetcatalog; path = Assets.xcassets; sourceTree = "<group>"; };
		F560E72E2BF7AD8B00EE1810 /* Base */ = {isa = PBXFileReference; lastKnownFileType = file.storyboard; name = Base; path = Base.lproj/LaunchScreen.storyboard; sourceTree = "<group>"; };
		F560E7302BF7AD8B00EE1810 /* Info.plist */ = {isa = PBXFileReference; lastKnownFileType = text.plist.xml; path = Info.plist; sourceTree = "<group>"; };
		F560E7352BF7AD8C00EE1810 /* OzinsheDemoTests.xctest */ = {isa = PBXFileReference; explicitFileType = wrapper.cfbundle; includeInIndex = 0; path = OzinsheDemoTests.xctest; sourceTree = BUILT_PRODUCTS_DIR; };
		F560E7392BF7AD8C00EE1810 /* OzinsheDemoTests.swift */ = {isa = PBXFileReference; lastKnownFileType = sourcecode.swift; path = OzinsheDemoTests.swift; sourceTree = "<group>"; };
		F560E73F2BF7AD8C00EE1810 /* OzinsheDemoUITests.xctest */ = {isa = PBXFileReference; explicitFileType = wrapper.cfbundle; includeInIndex = 0; path = OzinsheDemoUITests.xctest; sourceTree = BUILT_PRODUCTS_DIR; };
		F560E7432BF7AD8C00EE1810 /* OzinsheDemoUITests.swift */ = {isa = PBXFileReference; lastKnownFileType = sourcecode.swift; path = OzinsheDemoUITests.swift; sourceTree = "<group>"; };
		F560E7452BF7AD8C00EE1810 /* OzinsheDemoUITestsLaunchTests.swift */ = {isa = PBXFileReference; lastKnownFileType = sourcecode.swift; path = OzinsheDemoUITestsLaunchTests.swift; sourceTree = "<group>"; };
/* End PBXFileReference section */

/* Begin PBXFrameworksBuildPhase section */
		F560E71C2BF7AD8A00EE1810 /* Frameworks */ = {
			isa = PBXFrameworksBuildPhase;
			buildActionMask = 2147483647;
			files = (
			);
			runOnlyForDeploymentPostprocessing = 0;
		};
		F560E7322BF7AD8C00EE1810 /* Frameworks */ = {
			isa = PBXFrameworksBuildPhase;
			buildActionMask = 2147483647;
			files = (
			);
			runOnlyForDeploymentPostprocessing = 0;
		};
		F560E73C2BF7AD8C00EE1810 /* Frameworks */ = {
			isa = PBXFrameworksBuildPhase;
			buildActionMask = 2147483647;
			files = (
			);
			runOnlyForDeploymentPostprocessing = 0;
		};
/* End PBXFrameworksBuildPhase section */

/* Begin PBXGroup section */
		F560E7162BF7AD8A00EE1810 = {
			isa = PBXGroup;
			children = (
				F560E7212BF7AD8A00EE1810 /* OzinsheDemo */,
				F560E7382BF7AD8C00EE1810 /* OzinsheDemoTests */,
				F560E7422BF7AD8C00EE1810 /* OzinsheDemoUITests */,
				F560E7202BF7AD8A00EE1810 /* Products */,
			);
			sourceTree = "<group>";
		};
		F560E7202BF7AD8A00EE1810 /* Products */ = {
			isa = PBXGroup;
			children = (
				F560E71F2BF7AD8A00EE1810 /* OzinsheDemo.app */,
				F560E7352BF7AD8C00EE1810 /* OzinsheDemoTests.xctest */,
				F560E73F2BF7AD8C00EE1810 /* OzinsheDemoUITests.xctest */,
			);
			name = Products;
			sourceTree = "<group>";
		};
		F560E7212BF7AD8A00EE1810 /* OzinsheDemo */ = {
			isa = PBXGroup;
			children = (
				F560E7222BF7AD8A00EE1810 /* AppDelegate.swift */,
				F560E7242BF7AD8A00EE1810 /* SceneDelegate.swift */,
				F560E7262BF7AD8A00EE1810 /* ViewController.swift */,
				F560E7282BF7AD8A00EE1810 /* Main.storyboard */,
				F560E72B2BF7AD8B00EE1810 /* Assets.xcassets */,
				F560E72D2BF7AD8B00EE1810 /* LaunchScreen.storyboard */,
				F560E7302BF7AD8B00EE1810 /* Info.plist */,
			);
			path = OzinsheDemo;
			sourceTree = "<group>";
		};
		F560E7382BF7AD8C00EE1810 /* OzinsheDemoTests */ = {
			isa = PBXGroup;
			children = (
				F560E7392BF7AD8C00EE1810 /* OzinsheDemoTests.swift */,
			);
			path = OzinsheDemoTests;
			sourceTree = "<group>";
		};
		F560E7422BF7AD8C00EE1810 /* OzinsheDemoUITests */ = {
			isa = PBXGroup;
			children = (
				F560E7432BF7AD8C00EE1810 /* OzinsheDemoUITests.swift */,
				F560E7452BF7AD8C00EE1810 /* OzinsheDemoUITestsLaunchTests.swift */,
			);
			path = OzinsheDemoUITests;
			sourceTree = "<group>";
		};
/* End PBXGroup section */

/* Begin PBXNativeTarget section */
		F560E71E2BF7AD8A00EE1810 /* OzinsheDemo */ = {
			isa = PBXNativeTarget;
			buildConfigurationList = F560E7492BF7AD8C00EE1810 /* Build configuration list for PBXNativeTarget "OzinsheDemo" */;
			buildPhases = (
				F560E71B2BF7AD8A00EE1810 /* Sources */,
				F560E71C2BF7AD8A00EE1810 /* Frameworks */,
				F560E71D2BF7AD8A00EE1810 /* Resources */,
			);
			buildRules = (
			);
			dependencies = (
			);
			name = OzinsheDemo;
			productName = OzinsheDemo;
			productReference = F560E71F2BF7AD8A00EE1810 /* OzinsheDemo.app */;
			productType = "com.apple.product-type.application";
		};
		F560E7342BF7AD8C00EE1810 /* OzinsheDemoTests */ = {
			isa = PBXNativeTarget;
			buildConfigurationList = F560E74C2BF7AD8C00EE1810 /* Build configuration list for PBXNativeTarget "OzinsheDemoTests" */;
			buildPhases = (
				F560E7312BF7AD8C00EE1810 /* Sources */,
				F560E7322BF7AD8C00EE1810 /* Frameworks */,
				F560E7332BF7AD8C00EE1810 /* Resources */,
			);
			buildRules = (
			);
			dependencies = (
				F560E7372BF7AD8C00EE1810 /* PBXTargetDependency */,
			);
			name = OzinsheDemoTests;
			productName = OzinsheDemoTests;
			productReference = F560E7352BF7AD8C00EE1810 /* OzinsheDemoTests.xctest */;
			productType = "com.apple.product-type.bundle.unit-test";
		};
		F560E73E2BF7AD8C00EE1810 /* OzinsheDemoUITests */ = {
			isa = PBXNativeTarget;
			buildConfigurationList = F560E74F2BF7AD8C00EE1810 /* Build configuration list for PBXNativeTarget "OzinsheDemoUITests" */;
			buildPhases = (
				F560E73B2BF7AD8C00EE1810 /* Sources */,
				F560E73C2BF7AD8C00EE1810 /* Frameworks */,
				F560E73D2BF7AD8C00EE1810 /* Resources */,
			);
			buildRules = (
			);
			dependencies = (
				F560E7412BF7AD8C00EE1810 /* PBXTargetDependency */,
			);
			name = OzinsheDemoUITests;
			productName = OzinsheDemoUITests;
			productReference = F560E73F2BF7AD8C00EE1810 /* OzinsheDemoUITests.xctest */;
			productType = "com.apple.product-type.bundle.ui-testing";
		};
/* End PBXNativeTarget section */

/* Begin PBXProject section */
		F560E7172BF7AD8A00EE1810 /* Project object */ = {
			isa = PBXProject;
			attributes = {
				BuildIndependentTargetsInParallel = 1;
				LastSwiftUpdateCheck = 1530;
				LastUpgradeCheck = 1530;
				TargetAttributes = {
					F560E71E2BF7AD8A00EE1810 = {
						CreatedOnToolsVersion = 15.3;
					};
					F560E7342BF7AD8C00EE1810 = {
						CreatedOnToolsVersion = 15.3;
						TestTargetID = F560E71E2BF7AD8A00EE1810;
					};
					F560E73E2BF7AD8C00EE1810 = {
						CreatedOnToolsVersion = 15.3;
						TestTargetID = F560E71E2BF7AD8A00EE1810;
					};
				};
			};
			buildConfigurationList = F560E71A2BF7AD8A00EE1810 /* Build configuration list for PBXProject "OzinsheDemo" */;
			compatibilityVersion = "Xcode 14.0";
			developmentRegion = en;
			hasScannedForEncodings = 0;
			knownRegions = (
				en,
				Base,
			);
			mainGroup = F560E7162BF7AD8A00EE1810;
			productRefGroup = F560E7202BF7AD8A00EE1810 /* Products */;
			projectDirPath = "";
			projectRoot = "";
			targets = (
				F560E71E2BF7AD8A00EE1810 /* OzinsheDemo */,
				F560E7342BF7AD8C00EE1810 /* OzinsheDemoTests */,
				F560E73E2BF7AD8C00EE1810 /* OzinsheDemoUITests */,
			);
		};
/* End PBXProject section */

/* Begin PBXResourcesBuildPhase section */
		F560E71D2BF7AD8A00EE1810 /* Resources */ = {
			isa = PBXResourcesBuildPhase;
			buildActionMask = 2147483647;
			files = (
				F560E72C2BF7AD8B00EE1810 /* Assets.xcassets in Resources */,
				F560E72F2BF7AD8B00EE1810 /* Base in Resources */,
				F560E72A2BF7AD8A00EE1810 /* Base in Resources */,
			);
			runOnlyForDeploymentPostprocessing = 0;
		};
		F560E7332BF7AD8C00EE1810 /* Resources */ = {
			isa = PBXResourcesBuildPhase;
			buildActionMask = 2147483647;
			files = (
			);
			runOnlyForDeploymentPostprocessing = 0;
		};
		F560E73D2BF7AD8C00EE1810 /* Resources */ = {
			isa = PBXResourcesBuildPhase;
			buildActionMask = 2147483647;
			files = (
			);
			runOnlyForDeploymentPostprocessing = 0;
		};
/* End PBXResourcesBuildPhase section */

/* Begin PBXSourcesBuildPhase section */
		F560E71B2BF7AD8A00EE1810 /* Sources */ = {
			isa = PBXSourcesBuildPhase;
			buildActionMask = 2147483647;
			files = (
				F560E7272BF7AD8A00EE1810 /* ViewController.swift in Sources */,
				F560E7232BF7AD8A00EE1810 /* AppDelegate.swift in Sources */,
				F560E7252BF7AD8A00EE1810 /* SceneDelegate.swift in Sources */,
			);
			runOnlyForDeploymentPostprocessing = 0;
		};
		F560E7312BF7AD8C00EE1810 /* Sources */ = {
			isa = PBXSourcesBuildPhase;
			buildActionMask = 2147483647;
			files = (
				F560E73A2BF7AD8C00EE1810 /* OzinsheDemoTests.swift in Sources */,
			);
			runOnlyForDeploymentPostprocessing = 0;
		};
		F560E73B2BF7AD8C00EE1810 /* Sources */ = {
			isa = PBXSourcesBuildPhase;
			buildActionMask = 2147483647;
			files = (
				F560E7462BF7AD8C00EE1810 /* OzinsheDemoUITestsLaunchTests.swift in Sources */,
				F560E7442BF7AD8C00EE1810 /* OzinsheDemoUITests.swift in Sources */,
			);
			runOnlyForDeploymentPostprocessing = 0;
		};
/* End PBXSourcesBuildPhase section */

/* Begin PBXTargetDependency section */
		F560E7372BF7AD8C00EE1810 /* PBXTargetDependency */ = {
			isa = PBXTargetDependency;
			target = F560E71E2BF7AD8A00EE1810 /* OzinsheDemo */;
			targetProxy = F560E7362BF7AD8C00EE1810 /* PBXContainerItemProxy */;
		};
		F560E7412BF7AD8C00EE1810 /* PBXTargetDependency */ = {
			isa = PBXTargetDependency;
			target = F560E71E2BF7AD8A00EE1810 /* OzinsheDemo */;
			targetProxy = F560E7402BF7AD8C00EE1810 /* PBXContainerItemProxy */;
		};
/* End PBXTargetDependency section */

/* Begin PBXVariantGroup section */
		F560E7282BF7AD8A00EE1810 /* Main.storyboard */ = {
			isa = PBXVariantGroup;
			children = (
				F560E7292BF7AD8A00EE1810 /* Base */,
			);
			name = Main.storyboard;
			sourceTree = "<group>";
		};
		F560E72D2BF7AD8B00EE1810 /* LaunchScreen.storyboard */ = {
			isa = PBXVariantGroup;
			children = (
				F560E72E2BF7AD8B00EE1810 /* Base */,
			);
			name = LaunchScreen.storyboard;
			sourceTree = "<group>";
		};
/* End PBXVariantGroup section */

/* Begin XCBuildConfiguration section */
		F560E7472BF7AD8C00EE1810 /* Debug */ = {
			isa = XCBuildConfiguration;
			buildSettings = {
				ALWAYS_SEARCH_USER_PATHS = NO;
				ASSETCATALOG_COMPILER_GENERATE_SWIFT_ASSET_SYMBOL_EXTENSIONS = YES;
				CLANG_ANALYZER_NONNULL = YES;
				CLANG_ANALYZER_NUMBER_OBJECT_CONVERSION = YES_AGGRESSIVE;
				CLANG_CXX_LANGUAGE_STANDARD = "gnu++20";
				CLANG_ENABLE_MODULES = YES;
				CLANG_ENABLE_OBJC_ARC = YES;
				CLANG_ENABLE_OBJC_WEAK = YES;
				CLANG_WARN_BLOCK_CAPTURE_AUTORELEASING = YES;
				CLANG_WARN_BOOL_CONVERSION = YES;
				CLANG_WARN_COMMA = YES;
				CLANG_WARN_CONSTANT_CONVERSION = YES;
				CLANG_WARN_DEPRECATED_OBJC_IMPLEMENTATIONS = YES;
				CLANG_WARN_DIRECT_OBJC_ISA_USAGE = YES_ERROR;
				CLANG_WARN_DOCUMENTATION_COMMENTS = YES;
				CLANG_WARN_EMPTY_BODY = YES;
				CLANG_WARN_ENUM_CONVERSION = YES;
				CLANG_WARN_INFINITE_RECURSION = YES;
				CLANG_WARN_INT_CONVERSION = YES;
				CLANG_WARN_NON_LITERAL_NULL_CONVERSION = YES;
				CLANG_WARN_OBJC_IMPLICIT_RETAIN_SELF = YES;
				CLANG_WARN_OBJC_LITERAL_CONVERSION = YES;
				CLANG_WARN_OBJC_ROOT_CLASS = YES_ERROR;
				CLANG_WARN_QUOTED_INCLUDE_IN_FRAMEWORK_HEADER = YES;
				CLANG_WARN_RANGE_LOOP_ANALYSIS = YES;
				CLANG_WARN_STRICT_PROTOTYPES = YES;
				CLANG_WARN_SUSPICIOUS_MOVE = YES;
				CLANG_WARN_UNGUARDED_AVAILABILITY = YES_AGGRESSIVE;
				CLANG_WARN_UNREACHABLE_CODE = YES;
				CLANG_WARN__DUPLICATE_METHOD_MATCH = YES;
				COPY_PHASE_STRIP = NO;
				DEBUG_INFORMATION_FORMAT = dwarf;
				ENABLE_STRICT_OBJC_MSGSEND = YES;
				ENABLE_TESTABILITY = YES;
				ENABLE_USER_SCRIPT_SANDBOXING = YES;
				GCC_C_LANGUAGE_STANDARD = gnu17;
				GCC_DYNAMIC_NO_PIC = NO;
				GCC_NO_COMMON_BLOCKS = YES;
				GCC_OPTIMIZATION_LEVEL = 0;
				GCC_PREPROCESSOR_DEFINITIONS = (
					"DEBUG=1",
					"$(inherited)",
				);
				GCC_WARN_64_TO_32_BIT_CONVERSION = YES;
				GCC_WARN_ABOUT_RETURN_TYPE = YES_ERROR;
				GCC_WARN_UNDECLARED_SELECTOR = YES;
				GCC_WARN_UNINITIALIZED_AUTOS = YES_AGGRESSIVE;
				GCC_WARN_UNUSED_FUNCTION = YES;
				GCC_WARN_UNUSED_VARIABLE = YES;
				IPHONEOS_DEPLOYMENT_TARGET = 17.4;
				LOCALIZATION_PREFERS_STRING_CATALOGS = YES;
				MTL_ENABLE_DEBUG_INFO = INCLUDE_SOURCE;
				MTL_FAST_MATH = YES;
				ONLY_ACTIVE_ARCH = YES;
				SDKROOT = iphoneos;
				SWIFT_ACTIVE_COMPILATION_CONDITIONS = "DEBUG $(inherited)";
				SWIFT_OPTIMIZATION_LEVEL = "-Onone";
			};
			name = Debug;
		};
		F560E7482BF7AD8C00EE1810 /* Release */ = {
			isa = XCBuildConfiguration;
			buildSettings = {
				ALWAYS_SEARCH_USER_PATHS = NO;
				ASSETCATALOG_COMPILER_GENERATE_SWIFT_ASSET_SYMBOL_EXTENSIONS = YES;
				CLANG_ANALYZER_NONNULL = YES;
				CLANG_ANALYZER_NUMBER_OBJECT_CONVERSION = YES_AGGRESSIVE;
				CLANG_CXX_LANGUAGE_STANDARD = "gnu++20";
				CLANG_ENABLE_MODULES = YES;
				CLANG_ENABLE_OBJC_ARC = YES;
				CLANG_ENABLE_OBJC_WEAK = YES;
				CLANG_WARN_BLOCK_CAPTURE_AUTORELEASING = YES;
				CLANG_WARN_BOOL_CONVERSION = YES;
				CLANG_WARN_COMMA = YES;
				CLANG_WARN_CONSTANT_CONVERSION = YES;
				CLANG_WARN_DEPRECATED_OBJC_IMPLEMENTATIONS = YES;
				CLANG_WARN_DIRECT_OBJC_ISA_USAGE = YES_ERROR;
				CLANG_WARN_DOCUMENTATION_COMMENTS = YES;
				CLANG_WARN_EMPTY_BODY = YES;
				CLANG_WARN_ENUM_CONVERSION = YES;
				CLANG_WARN_INFINITE_RECURSION = YES;
				CLANG_WARN_INT_CONVERSION = YES;
				CLANG_WARN_NON_LITERAL_NULL_CONVERSION = YES;
				CLANG_WARN_OBJC_IMPLICIT_RETAIN_SELF = YES;
				CLANG_WARN_OBJC_LITERAL_CONVERSION = YES;
				CLANG_WARN_OBJC_ROOT_CLASS = YES_ERROR;
				CLANG_WARN_QUOTED_INCLUDE_IN_FRAMEWORK_HEADER = YES;
				CLANG_WARN_RANGE_LOOP_ANALYSIS = YES;
				CLANG_WARN_STRICT_PROTOTYPES = YES;
				CLANG_WARN_SUSPICIOUS_MOVE = YES;
				CLANG_WARN_UNGUARDED_AVAILABILITY = YES_AGGRESSIVE;
				CLANG_WARN_UNREACHABLE_CODE = YES;
				CLANG_WARN__DUPLICATE_METHOD_MATCH = YES;
				COPY_PHASE_STRIP = NO;
				DEBUG_INFORMATION_FORMAT = "dwarf-with-dsym";
				ENABLE_NS_ASSERTIONS = NO;
				ENABLE_STRICT_OBJC_MSGSEND = YES;
				ENABLE_USER_SCRIPT_SANDBOXING = YES;
				GCC_C_LANGUAGE_STANDARD = gnu17;
				GCC_NO_COMMON_BLOCKS = YES;
				GCC_WARN_64_TO_32_BIT_CONVERSION = YES;
				GCC_WARN_ABOUT_RETURN_TYPE = YES_ERROR;
				GCC_WARN_UNDECLARED_SELECTOR = YES;
				GCC_WARN_UNINITIALIZED_AUTOS = YES_AGGRESSIVE;
				GCC_WARN_UNUSED_FUNCTION = YES;
				GCC_WARN_UNUSED_VARIABLE = YES;
				IPHONEOS_DEPLOYMENT_TARGET = 17.4;
				LOCALIZATION_PREFERS_STRING_CATALOGS = YES;
				MTL_ENABLE_DEBUG_INFO = NO;
				MTL_FAST_MATH = YES;
				SDKROOT = iphoneos;
				SWIFT_COMPILATION_MODE = wholemodule;
				VALIDATE_PRODUCT = YES;
			};
			name = Release;
		};
		F560E74A2BF7AD8C00EE1810 /* Debug */ = {
			isa = XCBuildConfiguration;
			buildSettings = {
				ASSETCATALOG_COMPILER_APPICON_NAME = AppIcon;
				ASSETCATALOG_COMPILER_GLOBAL_ACCENT_COLOR_NAME = AccentColor;
				CODE_SIGN_STYLE = Automatic;
				CURRENT_PROJECT_VERSION = 1;
				GENERATE_INFOPLIST_FILE = YES;
				INFOPLIST_FILE = OzinsheDemo/Info.plist;
				INFOPLIST_KEY_UIApplicationSupportsIndirectInputEvents = YES;
				INFOPLIST_KEY_UILaunchStoryboardName = LaunchScreen;
				INFOPLIST_KEY_UIMainStoryboardFile = Main;
				INFOPLIST_KEY_UISupportedInterfaceOrientations_iPad = "UIInterfaceOrientationPortrait UIInterfaceOrientationPortraitUpsideDown UIInterfaceOrientationLandscapeLeft UIInterfaceOrientationLandscapeRight";
				INFOPLIST_KEY_UISupportedInterfaceOrientations_iPhone = "UIInterfaceOrientationPortrait UIInterfaceOrientationLandscapeLeft UIInterfaceOrientationLandscapeRight";
				LD_RUNPATH_SEARCH_PATHS = (
					"$(inherited)",
					"@executable_path/Frameworks",
				);
				MARKETING_VERSION = 1.0;
				PRODUCT_BUNDLE_IDENTIFIER = kz.Damir.OzinsheDemo;
				PRODUCT_NAME = "$(TARGET_NAME)";
				SWIFT_EMIT_LOC_STRINGS = YES;
				SWIFT_VERSION = 5.0;
				TARGETED_DEVICE_FAMILY = "1,2";
			};
			name = Debug;
		};
		F560E74B2BF7AD8C00EE1810 /* Release */ = {
			isa = XCBuildConfiguration;
			buildSettings = {
				ASSETCATALOG_COMPILER_APPICON_NAME = AppIcon;
				ASSETCATALOG_COMPILER_GLOBAL_ACCENT_COLOR_NAME = AccentColor;
				CODE_SIGN_STYLE = Automatic;
				CURRENT_PROJECT_VERSION = 1;
				GENERATE_INFOPLIST_FILE = YES;
				INFOPLIST_FILE = OzinsheDemo/Info.plist;
				INFOPLIST_KEY_UIApplicationSupportsIndirectInputEvents = YES;
				INFOPLIST_KEY_UILaunchStoryboardName = LaunchScreen;
				INFOPLIST_KEY_UIMainStoryboardFile = Main;
				INFOPLIST_KEY_UISupportedInterfaceOrientations_iPad = "UIInterfaceOrientationPortrait UIInterfaceOrientationPortraitUpsideDown UIInterfaceOrientationLandscapeLeft UIInterfaceOrientationLandscapeRight";
				INFOPLIST_KEY_UISupportedInterfaceOrientations_iPhone = "UIInterfaceOrientationPortrait UIInterfaceOrientationLandscapeLeft UIInterfaceOrientationLandscapeRight";
				LD_RUNPATH_SEARCH_PATHS = (
					"$(inherited)",
					"@executable_path/Frameworks",
				);
				MARKETING_VERSION = 1.0;
				PRODUCT_BUNDLE_IDENTIFIER = kz.Damir.OzinsheDemo;
				PRODUCT_NAME = "$(TARGET_NAME)";
				SWIFT_EMIT_LOC_STRINGS = YES;
				SWIFT_VERSION = 5.0;
				TARGETED_DEVICE_FAMILY = "1,2";
			};
			name = Release;
		};
		F560E74D2BF7AD8C00EE1810 /* Debug */ = {
			isa = XCBuildConfiguration;
			buildSettings = {
				ALWAYS_EMBED_SWIFT_STANDARD_LIBRARIES = YES;
				BUNDLE_LOADER = "$(TEST_HOST)";
				CODE_SIGN_STYLE = Automatic;
				CURRENT_PROJECT_VERSION = 1;
				GENERATE_INFOPLIST_FILE = YES;
				IPHONEOS_DEPLOYMENT_TARGET = 17.4;
				MARKETING_VERSION = 1.0;
				PRODUCT_BUNDLE_IDENTIFIER = kz.Damir.OzinsheDemoTests;
				PRODUCT_NAME = "$(TARGET_NAME)";
				SWIFT_EMIT_LOC_STRINGS = NO;
				SWIFT_VERSION = 5.0;
				TARGETED_DEVICE_FAMILY = "1,2";
				TEST_HOST = "$(BUILT_PRODUCTS_DIR)/OzinsheDemo.app/$(BUNDLE_EXECUTABLE_FOLDER_PATH)/OzinsheDemo";
			};
			name = Debug;
		};
		F560E74E2BF7AD8C00EE1810 /* Release */ = {
			isa = XCBuildConfiguration;
			buildSettings = {
				ALWAYS_EMBED_SWIFT_STANDARD_LIBRARIES = YES;
				BUNDLE_LOADER = "$(TEST_HOST)";
				CODE_SIGN_STYLE = Automatic;
				CURRENT_PROJECT_VERSION = 1;
				GENERATE_INFOPLIST_FILE = YES;
				IPHONEOS_DEPLOYMENT_TARGET = 17.4;
				MARKETING_VERSION = 1.0;
				PRODUCT_BUNDLE_IDENTIFIER = kz.Damir.OzinsheDemoTests;
				PRODUCT_NAME = "$(TARGET_NAME)";
				SWIFT_EMIT_LOC_STRINGS = NO;
				SWIFT_VERSION = 5.0;
				TARGETED_DEVICE_FAMILY = "1,2";
				TEST_HOST = "$(BUILT_PRODUCTS_DIR)/OzinsheDemo.app/$(BUNDLE_EXECUTABLE_FOLDER_PATH)/OzinsheDemo";
			};
			name = Release;
		};
		F560E7502BF7AD8C00EE1810 /* Debug */ = {
			isa = XCBuildConfiguration;
			buildSettings = {
				ALWAYS_EMBED_SWIFT_STANDARD_LIBRARIES = YES;
				CODE_SIGN_STYLE = Automatic;
				CURRENT_PROJECT_VERSION = 1;
				GENERATE_INFOPLIST_FILE = YES;
				MARKETING_VERSION = 1.0;
				PRODUCT_BUNDLE_IDENTIFIER = kz.Damir.OzinsheDemoUITests;
				PRODUCT_NAME = "$(TARGET_NAME)";
				SWIFT_EMIT_LOC_STRINGS = NO;
				SWIFT_VERSION = 5.0;
				TARGETED_DEVICE_FAMILY = "1,2";
				TEST_TARGET_NAME = OzinsheDemo;
			};
			name = Debug;
		};
		F560E7512BF7AD8C00EE1810 /* Release */ = {
			isa = XCBuildConfiguration;
			buildSettings = {
				ALWAYS_EMBED_SWIFT_STANDARD_LIBRARIES = YES;
				CODE_SIGN_STYLE = Automatic;
				CURRENT_PROJECT_VERSION = 1;
				GENERATE_INFOPLIST_FILE = YES;
				MARKETING_VERSION = 1.0;
				PRODUCT_BUNDLE_IDENTIFIER = kz.Damir.OzinsheDemoUITests;
				PRODUCT_NAME = "$(TARGET_NAME)";
				SWIFT_EMIT_LOC_STRINGS = NO;
				SWIFT_VERSION = 5.0;
				TARGETED_DEVICE_FAMILY = "1,2";
				TEST_TARGET_NAME = OzinsheDemo;
			};
			name = Release;
		};
/* End XCBuildConfiguration section */

/* Begin XCConfigurationList section */
		F560E71A2BF7AD8A00EE1810 /* Build configuration list for PBXProject "OzinsheDemo" */ = {
			isa = XCConfigurationList;
			buildConfigurations = (
				F560E7472BF7AD8C00EE1810 /* Debug */,
				F560E7482BF7AD8C00EE1810 /* Release */,
			);
			defaultConfigurationIsVisible = 0;
			defaultConfigurationName = Release;
		};
		F560E7492BF7AD8C00EE1810 /* Build configuration list for PBXNativeTarget "OzinsheDemo" */ = {
			isa = XCConfigurationList;
			buildConfigurations = (
				F560E74A2BF7AD8C00EE1810 /* Debug */,
				F560E74B2BF7AD8C00EE1810 /* Release */,
			);
			defaultConfigurationIsVisible = 0;
			defaultConfigurationName = Release;
		};
		F560E74C2BF7AD8C00EE1810 /* Build configuration list for PBXNativeTarget "OzinsheDemoTests" */ = {
			isa = XCConfigurationList;
			buildConfigurations = (
				F560E74D2BF7AD8C00EE1810 /* Debug */,
				F560E74E2BF7AD8C00EE1810 /* Release */,
			);
			defaultConfigurationIsVisible = 0;
			defaultConfigurationName = Release;
		};
		F560E74F2BF7AD8C00EE1810 /* Build configuration list for PBXNativeTarget "OzinsheDemoUITests" */ = {
			isa = XCConfigurationList;
			buildConfigurations = (
				F560E7502BF7AD8C00EE1810 /* Debug */,
				F560E7512BF7AD8C00EE1810 /* Release */,
			);
			defaultConfigurationIsVisible = 0;
			defaultConfigurationName = Release;
		};
/* End XCConfigurationList section */
	};
	rootObject = F560E7172BF7AD8A00EE1810 /* Project object */;
}
